// !$*UTF8*$!
{
	archiveVersion = 1;
	classes = {
	};
	objectVersion = 55;
	objects = {

/* Begin PBXBuildFile section */
		07D7799D286D94E900ED03A2 /* AppDelegate.swift in Sources */ = {isa = PBXBuildFile; fileRef = 07D7799C286D94E900ED03A2 /* AppDelegate.swift */; };
		07D7799F286D94E900ED03A2 /* SceneDelegate.swift in Sources */ = {isa = PBXBuildFile; fileRef = 07D7799E286D94E900ED03A2 /* SceneDelegate.swift */; };
		07D779A1286D94E900ED03A2 /* ViewController.swift in Sources */ = {isa = PBXBuildFile; fileRef = 07D779A0286D94E900ED03A2 /* ViewController.swift */; };
		07D779A4286D94E900ED03A2 /* Main.storyboard in Resources */ = {isa = PBXBuildFile; fileRef = 07D779A2286D94E900ED03A2 /* Main.storyboard */; };
		07D779A6286D94EC00ED03A2 /* Assets.xcassets in Resources */ = {isa = PBXBuildFile; fileRef = 07D779A5286D94EC00ED03A2 /* Assets.xcassets */; };
		07D779A9286D94EC00ED03A2 /* LaunchScreen.storyboard in Resources */ = {isa = PBXBuildFile; fileRef = 07D779A7286D94EC00ED03A2 /* LaunchScreen.storyboard */; };
		07D779B4286D94EC00ED03A2 /* I_am_PoorTests.swift in Sources */ = {isa = PBXBuildFile; fileRef = 07D779B3286D94EC00ED03A2 /* I_am_PoorTests.swift */; };
		07D779BE286D94EC00ED03A2 /* I_am_PoorUITests.swift in Sources */ = {isa = PBXBuildFile; fileRef = 07D779BD286D94EC00ED03A2 /* I_am_PoorUITests.swift */; };
		07D779C0286D94EC00ED03A2 /* I_am_PoorUITestsLaunchTests.swift in Sources */ = {isa = PBXBuildFile; fileRef = 07D779BF286D94EC00ED03A2 /* I_am_PoorUITestsLaunchTests.swift */; };
/* End PBXBuildFile section */

/* Begin PBXContainerItemProxy section */
		07D779B0286D94EC00ED03A2 /* PBXContainerItemProxy */ = {
			isa = PBXContainerItemProxy;
			containerPortal = 07D77991286D94E900ED03A2 /* Project object */;
			proxyType = 1;
			remoteGlobalIDString = 07D77998286D94E900ED03A2;
			remoteInfo = "I am Poor";
		};
		07D779BA286D94EC00ED03A2 /* PBXContainerItemProxy */ = {
			isa = PBXContainerItemProxy;
			containerPortal = 07D77991286D94E900ED03A2 /* Project object */;
			proxyType = 1;
			remoteGlobalIDString = 07D77998286D94E900ED03A2;
			remoteInfo = "I am Poor";
		};
/* End PBXContainerItemProxy section */

/* Begin PBXFileReference section */
		07D77999286D94E900ED03A2 /* I am Poor.app */ = {isa = PBXFileReference; explicitFileType = wrapper.application; includeInIndex = 0; path = "I am Poor.app"; sourceTree = BUILT_PRODUCTS_DIR; };
		07D7799C286D94E900ED03A2 /* AppDelegate.swift */ = {isa = PBXFileReference; lastKnownFileType = sourcecode.swift; path = AppDelegate.swift; sourceTree = "<group>"; };
		07D7799E286D94E900ED03A2 /* SceneDelegate.swift */ = {isa = PBXFileReference; lastKnownFileType = sourcecode.swift; path = SceneDelegate.swift; sourceTree = "<group>"; };
		07D779A0286D94E900ED03A2 /* ViewController.swift */ = {isa = PBXFileReference; lastKnownFileType = sourcecode.swift; path = ViewController.swift; sourceTree = "<group>"; };
		07D779A3286D94E900ED03A2 /* Base */ = {isa = PBXFileReference; lastKnownFileType = file.storyboard; name = Base; path = Base.lproj/Main.storyboard; sourceTree = "<group>"; };
		07D779A5286D94EC00ED03A2 /* Assets.xcassets */ = {isa = PBXFileReference; lastKnownFileType = folder.assetcatalog; path = Assets.xcassets; sourceTree = "<group>"; };
		07D779A8286D94EC00ED03A2 /* Base */ = {isa = PBXFileReference; lastKnownFileType = file.storyboard; name = Base; path = Base.lproj/LaunchScreen.storyboard; sourceTree = "<group>"; };
		07D779AA286D94EC00ED03A2 /* Info.plist */ = {isa = PBXFileReference; lastKnownFileType = text.plist.xml; path = Info.plist; sourceTree = "<group>"; };
		07D779AF286D94EC00ED03A2 /* I am PoorTests.xctest */ = {isa = PBXFileReference; explicitFileType = wrapper.cfbundle; includeInIndex = 0; path = "I am PoorTests.xctest"; sourceTree = BUILT_PRODUCTS_DIR; };
		07D779B3286D94EC00ED03A2 /* I_am_PoorTests.swift */ = {isa = PBXFileReference; lastKnownFileType = sourcecode.swift; path = I_am_PoorTests.swift; sourceTree = "<group>"; };
		07D779B9286D94EC00ED03A2 /* I am PoorUITests.xctest */ = {isa = PBXFileReference; explicitFileType = wrapper.cfbundle; includeInIndex = 0; path = "I am PoorUITests.xctest"; sourceTree = BUILT_PRODUCTS_DIR; };
		07D779BD286D94EC00ED03A2 /* I_am_PoorUITests.swift */ = {isa = PBXFileReference; lastKnownFileType = sourcecode.swift; path = I_am_PoorUITests.swift; sourceTree = "<group>"; };
		07D779BF286D94EC00ED03A2 /* I_am_PoorUITestsLaunchTests.swift */ = {isa = PBXFileReference; lastKnownFileType = sourcecode.swift; path = I_am_PoorUITestsLaunchTests.swift; sourceTree = "<group>"; };
/* End PBXFileReference section */

/* Begin PBXFrameworksBuildPhase section */
		07D77996286D94E900ED03A2 /* Frameworks */ = {
			isa = PBXFrameworksBuildPhase;
			buildActionMask = 2147483647;
			files = (
			);
			runOnlyForDeploymentPostprocessing = 0;
		};
		07D779AC286D94EC00ED03A2 /* Frameworks */ = {
			isa = PBXFrameworksBuildPhase;
			buildActionMask = 2147483647;
			files = (
			);
			runOnlyForDeploymentPostprocessing = 0;
		};
		07D779B6286D94EC00ED03A2 /* Frameworks */ = {
			isa = PBXFrameworksBuildPhase;
			buildActionMask = 2147483647;
			files = (
			);
			runOnlyForDeploymentPostprocessing = 0;
		};
/* End PBXFrameworksBuildPhase section */

/* Begin PBXGroup section */
		07D77990286D94E900ED03A2 = {
			isa = PBXGroup;
			children = (
				07D7799B286D94E900ED03A2 /* I am Poor */,
				07D779B2286D94EC00ED03A2 /* I am PoorTests */,
				07D779BC286D94EC00ED03A2 /* I am PoorUITests */,
				07D7799A286D94E900ED03A2 /* Products */,
			);
			sourceTree = "<group>";
		};
		07D7799A286D94E900ED03A2 /* Products */ = {
			isa = PBXGroup;
			children = (
				07D77999286D94E900ED03A2 /* I am Poor.app */,
				07D779AF286D94EC00ED03A2 /* I am PoorTests.xctest */,
				07D779B9286D94EC00ED03A2 /* I am PoorUITests.xctest */,
			);
			name = Products;
			sourceTree = "<group>";
		};
		07D7799B286D94E900ED03A2 /* I am Poor */ = {
			isa = PBXGroup;
			children = (
				07D7799C286D94E900ED03A2 /* AppDelegate.swift */,
				07D7799E286D94E900ED03A2 /* SceneDelegate.swift */,
				07D779A0286D94E900ED03A2 /* ViewController.swift */,
				07D779A2286D94E900ED03A2 /* Main.storyboard */,
				07D779A5286D94EC00ED03A2 /* Assets.xcassets */,
				07D779A7286D94EC00ED03A2 /* LaunchScreen.storyboard */,
				07D779AA286D94EC00ED03A2 /* Info.plist */,
			);
			path = "I am Poor";
			sourceTree = "<group>";
		};
		07D779B2286D94EC00ED03A2 /* I am PoorTests */ = {
			isa = PBXGroup;
			children = (
				07D779B3286D94EC00ED03A2 /* I_am_PoorTests.swift */,
			);
			path = "I am PoorTests";
			sourceTree = "<group>";
		};
		07D779BC286D94EC00ED03A2 /* I am PoorUITests */ = {
			isa = PBXGroup;
			children = (
				07D779BD286D94EC00ED03A2 /* I_am_PoorUITests.swift */,
				07D779BF286D94EC00ED03A2 /* I_am_PoorUITestsLaunchTests.swift */,
			);
			path = "I am PoorUITests";
			sourceTree = "<group>";
		};
/* End PBXGroup section */

/* Begin PBXNativeTarget section */
		07D77998286D94E900ED03A2 /* I am Poor */ = {
			isa = PBXNativeTarget;
			buildConfigurationList = 07D779C3286D94EC00ED03A2 /* Build configuration list for PBXNativeTarget "I am Poor" */;
			buildPhases = (
				07D77995286D94E900ED03A2 /* Sources */,
				07D77996286D94E900ED03A2 /* Frameworks */,
				07D77997286D94E900ED03A2 /* Resources */,
			);
			buildRules = (
			);
			dependencies = (
			);
			name = "I am Poor";
			productName = "I am Poor";
			productReference = 07D77999286D94E900ED03A2 /* I am Poor.app */;
			productType = "com.apple.product-type.application";
		};
		07D779AE286D94EC00ED03A2 /* I am PoorTests */ = {
			isa = PBXNativeTarget;
			buildConfigurationList = 07D779C6286D94EC00ED03A2 /* Build configuration list for PBXNativeTarget "I am PoorTests" */;
			buildPhases = (
				07D779AB286D94EC00ED03A2 /* Sources */,
				07D779AC286D94EC00ED03A2 /* Frameworks */,
				07D779AD286D94EC00ED03A2 /* Resources */,
			);
			buildRules = (
			);
			dependencies = (
				07D779B1286D94EC00ED03A2 /* PBXTargetDependency */,
			);
			name = "I am PoorTests";
			productName = "I am PoorTests";
			productReference = 07D779AF286D94EC00ED03A2 /* I am PoorTests.xctest */;
			productType = "com.apple.product-type.bundle.unit-test";
		};
		07D779B8286D94EC00ED03A2 /* I am PoorUITests */ = {
			isa = PBXNativeTarget;
			buildConfigurationList = 07D779C9286D94EC00ED03A2 /* Build configuration list for PBXNativeTarget "I am PoorUITests" */;
			buildPhases = (
				07D779B5286D94EC00ED03A2 /* Sources */,
				07D779B6286D94EC00ED03A2 /* Frameworks */,
				07D779B7286D94EC00ED03A2 /* Resources */,
			);
			buildRules = (
			);
			dependencies = (
				07D779BB286D94EC00ED03A2 /* PBXTargetDependency */,
			);
			name = "I am PoorUITests";
			productName = "I am PoorUITests";
			productReference = 07D779B9286D94EC00ED03A2 /* I am PoorUITests.xctest */;
			productType = "com.apple.product-type.bundle.ui-testing";
		};
/* End PBXNativeTarget section */

/* Begin PBXProject section */
		07D77991286D94E900ED03A2 /* Project object */ = {
			isa = PBXProject;
			attributes = {
				BuildIndependentTargetsInParallel = 1;
				LastSwiftUpdateCheck = 1340;
				LastUpgradeCheck = 1340;
				TargetAttributes = {
					07D77998286D94E900ED03A2 = {
						CreatedOnToolsVersion = 13.4.1;
					};
					07D779AE286D94EC00ED03A2 = {
						CreatedOnToolsVersion = 13.4.1;
						TestTargetID = 07D77998286D94E900ED03A2;
					};
					07D779B8286D94EC00ED03A2 = {
						CreatedOnToolsVersion = 13.4.1;
						TestTargetID = 07D77998286D94E900ED03A2;
					};
				};
			};
			buildConfigurationList = 07D77994286D94E900ED03A2 /* Build configuration list for PBXProject "I am Poor" */;
			compatibilityVersion = "Xcode 13.0";
			developmentRegion = en;
			hasScannedForEncodings = 0;
			knownRegions = (
				en,
				Base,
			);
			mainGroup = 07D77990286D94E900ED03A2;
			productRefGroup = 07D7799A286D94E900ED03A2 /* Products */;
			projectDirPath = "";
			projectRoot = "";
			targets = (
				07D77998286D94E900ED03A2 /* I am Poor */,
				07D779AE286D94EC00ED03A2 /* I am PoorTests */,
				07D779B8286D94EC00ED03A2 /* I am PoorUITests */,
			);
		};
/* End PBXProject section */

/* Begin PBXResourcesBuildPhase section */
		07D77997286D94E900ED03A2 /* Resources */ = {
			isa = PBXResourcesBuildPhase;
			buildActionMask = 2147483647;
			files = (
				07D779A9286D94EC00ED03A2 /* LaunchScreen.storyboard in Resources */,
				07D779A6286D94EC00ED03A2 /* Assets.xcassets in Resources */,
				07D779A4286D94E900ED03A2 /* Main.storyboard in Resources */,
			);
			runOnlyForDeploymentPostprocessing = 0;
		};
		07D779AD286D94EC00ED03A2 /* Resources */ = {
			isa = PBXResourcesBuildPhase;
			buildActionMask = 2147483647;
			files = (
			);
			runOnlyForDeploymentPostprocessing = 0;
		};
		07D779B7286D94EC00ED03A2 /* Resources */ = {
			isa = PBXResourcesBuildPhase;
			buildActionMask = 2147483647;
			files = (
			);
			runOnlyForDeploymentPostprocessing = 0;
		};
/* End PBXResourcesBuildPhase section */

/* Begin PBXSourcesBuildPhase section */
		07D77995286D94E900ED03A2 /* Sources */ = {
			isa = PBXSourcesBuildPhase;
			buildActionMask = 2147483647;
			files = (
				07D779A1286D94E900ED03A2 /* ViewController.swift in Sources */,
				07D7799D286D94E900ED03A2 /* AppDelegate.swift in Sources */,
				07D7799F286D94E900ED03A2 /* SceneDelegate.swift in Sources */,
			);
			runOnlyForDeploymentPostprocessing = 0;
		};
		07D779AB286D94EC00ED03A2 /* Sources */ = {
			isa = PBXSourcesBuildPhase;
			buildActionMask = 2147483647;
			files = (
				07D779B4286D94EC00ED03A2 /* I_am_PoorTests.swift in Sources */,
			);
			runOnlyForDeploymentPostprocessing = 0;
		};
		07D779B5286D94EC00ED03A2 /* Sources */ = {
			isa = PBXSourcesBuildPhase;
			buildActionMask = 2147483647;
			files = (
				07D779C0286D94EC00ED03A2 /* I_am_PoorUITestsLaunchTests.swift in Sources */,
				07D779BE286D94EC00ED03A2 /* I_am_PoorUITests.swift in Sources */,
			);
			runOnlyForDeploymentPostprocessing = 0;
		};
/* End PBXSourcesBuildPhase section */

/* Begin PBXTargetDependency section */
		07D779B1286D94EC00ED03A2 /* PBXTargetDependency */ = {
			isa = PBXTargetDependency;
			target = 07D77998286D94E900ED03A2 /* I am Poor */;
			targetProxy = 07D779B0286D94EC00ED03A2 /* PBXContainerItemProxy */;
		};
		07D779BB286D94EC00ED03A2 /* PBXTargetDependency */ = {
			isa = PBXTargetDependency;
			target = 07D77998286D94E900ED03A2 /* I am Poor */;
			targetProxy = 07D779BA286D94EC00ED03A2 /* PBXContainerItemProxy */;
		};
/* End PBXTargetDependency section */

/* Begin PBXVariantGroup section */
		07D779A2286D94E900ED03A2 /* Main.storyboard */ = {
			isa = PBXVariantGroup;
			children = (
				07D779A3286D94E900ED03A2 /* Base */,
			);
			name = Main.storyboard;
			sourceTree = "<group>";
		};
		07D779A7286D94EC00ED03A2 /* LaunchScreen.storyboard */ = {
			isa = PBXVariantGroup;
			children = (
				07D779A8286D94EC00ED03A2 /* Base */,
			);
			name = LaunchScreen.storyboard;
			sourceTree = "<group>";
		};
/* End PBXVariantGroup section */

/* Begin XCBuildConfiguration section */
		07D779C1286D94EC00ED03A2 /* Debug */ = {
			isa = XCBuildConfiguration;
			buildSettings = {
				ALWAYS_SEARCH_USER_PATHS = NO;
				CLANG_ANALYZER_NONNULL = YES;
				CLANG_ANALYZER_NUMBER_OBJECT_CONVERSION = YES_AGGRESSIVE;
				CLANG_CXX_LANGUAGE_STANDARD = "gnu++17";
				CLANG_ENABLE_MODULES = YES;
				CLANG_ENABLE_OBJC_ARC = YES;
				CLANG_ENABLE_OBJC_WEAK = YES;
				CLANG_WARN_BLOCK_CAPTURE_AUTORELEASING = YES;
				CLANG_WARN_BOOL_CONVERSION = YES;
				CLANG_WARN_COMMA = YES;
				CLANG_WARN_CONSTANT_CONVERSION = YES;
				CLANG_WARN_DEPRECATED_OBJC_IMPLEMENTATIONS = YES;
				CLANG_WARN_DIRECT_OBJC_ISA_USAGE = YES_ERROR;
				CLANG_WARN_DOCUMENTATION_COMMENTS = YES;
				CLANG_WARN_EMPTY_BODY = YES;
				CLANG_WARN_ENUM_CONVERSION = YES;
				CLANG_WARN_INFINITE_RECURSION = YES;
				CLANG_WARN_INT_CONVERSION = YES;
				CLANG_WARN_NON_LITERAL_NULL_CONVERSION = YES;
				CLANG_WARN_OBJC_IMPLICIT_RETAIN_SELF = YES;
				CLANG_WARN_OBJC_LITERAL_CONVERSION = YES;
				CLANG_WARN_OBJC_ROOT_CLASS = YES_ERROR;
				CLANG_WARN_QUOTED_INCLUDE_IN_FRAMEWORK_HEADER = YES;
				CLANG_WARN_RANGE_LOOP_ANALYSIS = YES;
				CLANG_WARN_STRICT_PROTOTYPES = YES;
				CLANG_WARN_SUSPICIOUS_MOVE = YES;
				CLANG_WARN_UNGUARDED_AVAILABILITY = YES_AGGRESSIVE;
				CLANG_WARN_UNREACHABLE_CODE = YES;
				CLANG_WARN__DUPLICATE_METHOD_MATCH = YES;
				COPY_PHASE_STRIP = NO;
				DEBUG_INFORMATION_FORMAT = dwarf;
				ENABLE_STRICT_OBJC_MSGSEND = YES;
				ENABLE_TESTABILITY = YES;
				GCC_C_LANGUAGE_STANDARD = gnu11;
				GCC_DYNAMIC_NO_PIC = NO;
				GCC_NO_COMMON_BLOCKS = YES;
				GCC_OPTIMIZATION_LEVEL = 0;
				GCC_PREPROCESSOR_DEFINITIONS = (
					"DEBUG=1",
					"$(inherited)",
				);
				GCC_WARN_64_TO_32_BIT_CONVERSION = YES;
				GCC_WARN_ABOUT_RETURN_TYPE = YES_ERROR;
				GCC_WARN_UNDECLARED_SELECTOR = YES;
				GCC_WARN_UNINITIALIZED_AUTOS = YES_AGGRESSIVE;
				GCC_WARN_UNUSED_FUNCTION = YES;
				GCC_WARN_UNUSED_VARIABLE = YES;
				IPHONEOS_DEPLOYMENT_TARGET = 15.5;
				MTL_ENABLE_DEBUG_INFO = INCLUDE_SOURCE;
				MTL_FAST_MATH = YES;
				ONLY_ACTIVE_ARCH = YES;
				SDKROOT = iphoneos;
				SWIFT_ACTIVE_COMPILATION_CONDITIONS = DEBUG;
				SWIFT_OPTIMIZATION_LEVEL = "-Onone";
			};
			name = Debug;
		};
		07D779C2286D94EC00ED03A2 /* Release */ = {
			isa = XCBuildConfiguration;
			buildSettings = {
				ALWAYS_SEARCH_USER_PATHS = NO;
				CLANG_ANALYZER_NONNULL = YES;
				CLANG_ANALYZER_NUMBER_OBJECT_CONVERSION = YES_AGGRESSIVE;
				CLANG_CXX_LANGUAGE_STANDARD = "gnu++17";
				CLANG_ENABLE_MODULES = YES;
				CLANG_ENABLE_OBJC_ARC = YES;
				CLANG_ENABLE_OBJC_WEAK = YES;
				CLANG_WARN_BLOCK_CAPTURE_AUTORELEASING = YES;
				CLANG_WARN_BOOL_CONVERSION = YES;
				CLANG_WARN_COMMA = YES;
				CLANG_WARN_CONSTANT_CONVERSION = YES;
				CLANG_WARN_DEPRECATED_OBJC_IMPLEMENTATIONS = YES;
				CLANG_WARN_DIRECT_OBJC_ISA_USAGE = YES_ERROR;
				CLANG_WARN_DOCUMENTATION_COMMENTS = YES;
				CLANG_WARN_EMPTY_BODY = YES;
				CLANG_WARN_ENUM_CONVERSION = YES;
				CLANG_WARN_INFINITE_RECURSION = YES;
				CLANG_WARN_INT_CONVERSION = YES;
				CLANG_WARN_NON_LITERAL_NULL_CONVERSION = YES;
				CLANG_WARN_OBJC_IMPLICIT_RETAIN_SELF = YES;
				CLANG_WARN_OBJC_LITERAL_CONVERSION = YES;
				CLANG_WARN_OBJC_ROOT_CLASS = YES_ERROR;
				CLANG_WARN_QUOTED_INCLUDE_IN_FRAMEWORK_HEADER = YES;
				CLANG_WARN_RANGE_LOOP_ANALYSIS = YES;
				CLANG_WARN_STRICT_PROTOTYPES = YES;
				CLANG_WARN_SUSPICIOUS_MOVE = YES;
				CLANG_WARN_UNGUARDED_AVAILABILITY = YES_AGGRESSIVE;
				CLANG_WARN_UNREACHABLE_CODE = YES;
				CLANG_WARN__DUPLICATE_METHOD_MATCH = YES;
				COPY_PHASE_STRIP = NO;
				DEBUG_INFORMATION_FORMAT = "dwarf-with-dsym";
				ENABLE_NS_ASSERTIONS = NO;
				ENABLE_STRICT_OBJC_MSGSEND = YES;
				GCC_C_LANGUAGE_STANDARD = gnu11;
				GCC_NO_COMMON_BLOCKS = YES;
				GCC_WARN_64_TO_32_BIT_CONVERSION = YES;
				GCC_WARN_ABOUT_RETURN_TYPE = YES_ERROR;
				GCC_WARN_UNDECLARED_SELECTOR = YES;
				GCC_WARN_UNINITIALIZED_AUTOS = YES_AGGRESSIVE;
				GCC_WARN_UNUSED_FUNCTION = YES;
				GCC_WARN_UNUSED_VARIABLE = YES;
				IPHONEOS_DEPLOYMENT_TARGET = 15.5;
				MTL_ENABLE_DEBUG_INFO = NO;
				MTL_FAST_MATH = YES;
				SDKROOT = iphoneos;
				SWIFT_COMPILATION_MODE = wholemodule;
				SWIFT_OPTIMIZATION_LEVEL = "-O";
				VALIDATE_PRODUCT = YES;
			};
			name = Release;
		};
		07D779C4286D94EC00ED03A2 /* Debug */ = {
			isa = XCBuildConfiguration;
			buildSettings = {
				ASSETCATALOG_COMPILER_APPICON_NAME = AppIcon;
				ASSETCATALOG_COMPILER_GLOBAL_ACCENT_COLOR_NAME = AccentColor;
				CODE_SIGN_STYLE = Automatic;
				CURRENT_PROJECT_VERSION = 1;
				DEVELOPMENT_TEAM = ASULA5H36M;
				GENERATE_INFOPLIST_FILE = YES;
				INFOPLIST_FILE = "I am Poor/Info.plist";
				INFOPLIST_KEY_UIApplicationSupportsIndirectInputEvents = YES;
				INFOPLIST_KEY_UILaunchStoryboardName = LaunchScreen;
				INFOPLIST_KEY_UIMainStoryboardFile = Main;
				INFOPLIST_KEY_UISupportedInterfaceOrientations_iPad = "UIInterfaceOrientationPortrait UIInterfaceOrientationPortraitUpsideDown UIInterfaceOrientationLandscapeLeft UIInterfaceOrientationLandscapeRight";
				INFOPLIST_KEY_UISupportedInterfaceOrientations_iPhone = "UIInterfaceOrientationPortrait UIInterfaceOrientationLandscapeLeft UIInterfaceOrientationLandscapeRight";
				LD_RUNPATH_SEARCH_PATHS = (
					"$(inherited)",
					"@executable_path/Frameworks",
				);
				MARKETING_VERSION = 1.0;
				PRODUCT_BUNDLE_IDENTIFIER = "Vladislavscompany.I-am-Poor";
				PRODUCT_NAME = "$(TARGET_NAME)";
				SWIFT_EMIT_LOC_STRINGS = YES;
				SWIFT_VERSION = 5.0;
				TARGETED_DEVICE_FAMILY = "1,2";
			};
			name = Debug;
		};
		07D779C5286D94EC00ED03A2 /* Release */ = {
			isa = XCBuildConfiguration;
			buildSettings = {
				ASSETCATALOG_COMPILER_APPICON_NAME = AppIcon;
				ASSETCATALOG_COMPILER_GLOBAL_ACCENT_COLOR_NAME = AccentColor;
				CODE_SIGN_STYLE = Automatic;
				CURRENT_PROJECT_VERSION = 1;
				DEVELOPMENT_TEAM = ASULA5H36M;
				GENERATE_INFOPLIST_FILE = YES;
				INFOPLIST_FILE = "I am Poor/Info.plist";
				INFOPLIST_KEY_UIApplicationSupportsIndirectInputEvents = YES;
				INFOPLIST_KEY_UILaunchStoryboardName = LaunchScreen;
				INFOPLIST_KEY_UIMainStoryboardFile = Main;
				INFOPLIST_KEY_UISupportedInterfaceOrientations_iPad = "UIInterfaceOrientationPortrait UIInterfaceOrientationPortraitUpsideDown UIInterfaceOrientationLandscapeLeft UIInterfaceOrientationLandscapeRight";
				INFOPLIST_KEY_UISupportedInterfaceOrientations_iPhone = "UIInterfaceOrientationPortrait UIInterfaceOrientationLandscapeLeft UIInterfaceOrientationLandscapeRight";
				LD_RUNPATH_SEARCH_PATHS = (
					"$(inherited)",
					"@executable_path/Frameworks",
				);
				MARKETING_VERSION = 1.0;
				PRODUCT_BUNDLE_IDENTIFIER = "Vladislavscompany.I-am-Poor";
				PRODUCT_NAME = "$(TARGET_NAME)";
				SWIFT_EMIT_LOC_STRINGS = YES;
				SWIFT_VERSION = 5.0;
				TARGETED_DEVICE_FAMILY = "1,2";
			};
			name = Release;
		};
		07D779C7286D94EC00ED03A2 /* Debug */ = {
			isa = XCBuildConfiguration;
			buildSettings = {
				ALWAYS_EMBED_SWIFT_STANDARD_LIBRARIES = YES;
				BUNDLE_LOADER = "$(TEST_HOST)";
				CODE_SIGN_STYLE = Automatic;
				CURRENT_PROJECT_VERSION = 1;
				DEVELOPMENT_TEAM = ASULA5H36M;
				GENERATE_INFOPLIST_FILE = YES;
				IPHONEOS_DEPLOYMENT_TARGET = 15.5;
				MARKETING_VERSION = 1.0;
				PRODUCT_BUNDLE_IDENTIFIER = "Vladislavscompany.I-am-PoorTests";
				PRODUCT_NAME = "$(TARGET_NAME)";
				SWIFT_EMIT_LOC_STRINGS = NO;
				SWIFT_VERSION = 5.0;
				TARGETED_DEVICE_FAMILY = "1,2";
				TEST_HOST = "$(BUILT_PRODUCTS_DIR)/I am Poor.app/I am Poor";
			};
			name = Debug;
		};
		07D779C8286D94EC00ED03A2 /* Release */ = {
			isa = XCBuildConfiguration;
			buildSettings = {
				ALWAYS_EMBED_SWIFT_STANDARD_LIBRARIES = YES;
				BUNDLE_LOADER = "$(TEST_HOST)";
				CODE_SIGN_STYLE = Automatic;
				CURRENT_PROJECT_VERSION = 1;
				DEVELOPMENT_TEAM = ASULA5H36M;
				GENERATE_INFOPLIST_FILE = YES;
				IPHONEOS_DEPLOYMENT_TARGET = 15.5;
				MARKETING_VERSION = 1.0;
				PRODUCT_BUNDLE_IDENTIFIER = "Vladislavscompany.I-am-PoorTests";
				PRODUCT_NAME = "$(TARGET_NAME)";
				SWIFT_EMIT_LOC_STRINGS = NO;
				SWIFT_VERSION = 5.0;
				TARGETED_DEVICE_FAMILY = "1,2";
				TEST_HOST = "$(BUILT_PRODUCTS_DIR)/I am Poor.app/I am Poor";
			};
			name = Release;
		};
		07D779CA286D94EC00ED03A2 /* Debug */ = {
			isa = XCBuildConfiguration;
			buildSettings = {
				ALWAYS_EMBED_SWIFT_STANDARD_LIBRARIES = YES;
				CODE_SIGN_STYLE = Automatic;
				CURRENT_PROJECT_VERSION = 1;
				DEVELOPMENT_TEAM = ASULA5H36M;
				GENERATE_INFOPLIST_FILE = YES;
				MARKETING_VERSION = 1.0;
				PRODUCT_BUNDLE_IDENTIFIER = "Vladislavscompany.I-am-PoorUITests";
				PRODUCT_NAME = "$(TARGET_NAME)";
				SWIFT_EMIT_LOC_STRINGS = NO;
				SWIFT_VERSION = 5.0;
				TARGETED_DEVICE_FAMILY = "1,2";
				TEST_TARGET_NAME = "I am Poor";
			};
			name = Debug;
		};
		07D779CB286D94EC00ED03A2 /* Release */ = {
			isa = XCBuildConfiguration;
			buildSettings = {
				ALWAYS_EMBED_SWIFT_STANDARD_LIBRARIES = YES;
				CODE_SIGN_STYLE = Automatic;
				CURRENT_PROJECT_VERSION = 1;
				DEVELOPMENT_TEAM = ASULA5H36M;
				GENERATE_INFOPLIST_FILE = YES;
				MARKETING_VERSION = 1.0;
				PRODUCT_BUNDLE_IDENTIFIER = "Vladislavscompany.I-am-PoorUITests";
				PRODUCT_NAME = "$(TARGET_NAME)";
				SWIFT_EMIT_LOC_STRINGS = NO;
				SWIFT_VERSION = 5.0;
				TARGETED_DEVICE_FAMILY = "1,2";
				TEST_TARGET_NAME = "I am Poor";
			};
			name = Release;
		};
/* End XCBuildConfiguration section */

/* Begin XCConfigurationList section */
		07D77994286D94E900ED03A2 /* Build configuration list for PBXProject "I am Poor" */ = {
			isa = XCConfigurationList;
			buildConfigurations = (
				07D779C1286D94EC00ED03A2 /* Debug */,
				07D779C2286D94EC00ED03A2 /* Release */,
			);
			defaultConfigurationIsVisible = 0;
			defaultConfigurationName = Release;
		};
		07D779C3286D94EC00ED03A2 /* Build configuration list for PBXNativeTarget "I am Poor" */ = {
			isa = XCConfigurationList;
			buildConfigurations = (
				07D779C4286D94EC00ED03A2 /* Debug */,
				07D779C5286D94EC00ED03A2 /* Release */,
			);
			defaultConfigurationIsVisible = 0;
			defaultConfigurationName = Release;
		};
		07D779C6286D94EC00ED03A2 /* Build configuration list for PBXNativeTarget "I am PoorTests" */ = {
			isa = XCConfigurationList;
			buildConfigurations = (
				07D779C7286D94EC00ED03A2 /* Debug */,
				07D779C8286D94EC00ED03A2 /* Release */,
			);
			defaultConfigurationIsVisible = 0;
			defaultConfigurationName = Release;
		};
		07D779C9286D94EC00ED03A2 /* Build configuration list for PBXNativeTarget "I am PoorUITests" */ = {
			isa = XCConfigurationList;
			buildConfigurations = (
				07D779CA286D94EC00ED03A2 /* Debug */,
				07D779CB286D94EC00ED03A2 /* Release */,
			);
			defaultConfigurationIsVisible = 0;
			defaultConfigurationName = Release;
		};
/* End XCConfigurationList section */
	};
	rootObject = 07D77991286D94E900ED03A2 /* Project object */;
}
